// !$*UTF8*$!
{
	archiveVersion = 1;
	classes = {
	};
	objectVersion = 56;
	objects = {

/* Begin PBXBuildFile section */
		C9105F852C9BC7D8007777D5 /* Credential.swift in Sources */ = {isa = PBXBuildFile; fileRef = C9105F842C9BC7D8007777D5 /* Credential.swift */; };
		C9105F892C9BCBC9007777D5 /* UserDefaultStorage.swift in Sources */ = {isa = PBXBuildFile; fileRef = C9105F882C9BCBC9007777D5 /* UserDefaultStorage.swift */; };
		C9105F8B2C9BD778007777D5 /* AuthService.swift in Sources */ = {isa = PBXBuildFile; fileRef = C9105F8A2C9BD778007777D5 /* AuthService.swift */; };
		C9105FCD2C9CB96D007777D5 /* SplashVC.swift in Sources */ = {isa = PBXBuildFile; fileRef = C9105FCC2C9CB96D007777D5 /* SplashVC.swift */; };
		C9105FD02C9CDC07007777D5 /* HomeViewVC.swift in Sources */ = {isa = PBXBuildFile; fileRef = C9105FCF2C9CDC07007777D5 /* HomeViewVC.swift */; };
		C9105FD32C9D0AFE007777D5 /* SignInViewModel.swift in Sources */ = {isa = PBXBuildFile; fileRef = C9105FD22C9D0AFE007777D5 /* SignInViewModel.swift */; };
		C9105FD52C9D0BB7007777D5 /* HomeViewModel.swift in Sources */ = {isa = PBXBuildFile; fileRef = C9105FD42C9D0BB7007777D5 /* HomeViewModel.swift */; };
		C9105FD82C9D0BF3007777D5 /* SignUpViewModel.swift in Sources */ = {isa = PBXBuildFile; fileRef = C9105FD72C9D0BF3007777D5 /* SignUpViewModel.swift */; };
		C9105FDB2C9D15D9007777D5 /* UIViewController+.swift in Sources */ = {isa = PBXBuildFile; fileRef = C9105FDA2C9D15D9007777D5 /* UIViewController+.swift */; };
		C9105FDD2C9D1CEE007777D5 /* SignUpVC.swift in Sources */ = {isa = PBXBuildFile; fileRef = C9105FDC2C9D1CEE007777D5 /* SignUpVC.swift */; };
		C9AC155E2C9B5CCF008EA485 /* AppDelegate.swift in Sources */ = {isa = PBXBuildFile; fileRef = C9AC155D2C9B5CCF008EA485 /* AppDelegate.swift */; };
		C9AC15602C9B5CCF008EA485 /* SceneDelegate.swift in Sources */ = {isa = PBXBuildFile; fileRef = C9AC155F2C9B5CCF008EA485 /* SceneDelegate.swift */; };
		C9AC15652C9B5CCF008EA485 /* Base in Resources */ = {isa = PBXBuildFile; fileRef = C9AC15642C9B5CCF008EA485 /* Base */; };
		C9AC15672C9B5CD1008EA485 /* Assets.xcassets in Resources */ = {isa = PBXBuildFile; fileRef = C9AC15662C9B5CD1008EA485 /* Assets.xcassets */; };
		C9AC156A2C9B5CD1008EA485 /* Base in Resources */ = {isa = PBXBuildFile; fileRef = C9AC15692C9B5CD1008EA485 /* Base */; };
		C9AC15722C9B78C8008EA485 /* SignInViewController.swift in Sources */ = {isa = PBXBuildFile; fileRef = C9AC15712C9B78C8008EA485 /* SignInViewController.swift */; };
/* End PBXBuildFile section */

/* Begin PBXFileReference section */
		C9105F842C9BC7D8007777D5 /* Credential.swift */ = {isa = PBXFileReference; lastKnownFileType = sourcecode.swift; path = Credential.swift; sourceTree = "<group>"; };
		C9105F882C9BCBC9007777D5 /* UserDefaultStorage.swift */ = {isa = PBXFileReference; lastKnownFileType = sourcecode.swift; path = UserDefaultStorage.swift; sourceTree = "<group>"; };
		C9105F8A2C9BD778007777D5 /* AuthService.swift */ = {isa = PBXFileReference; lastKnownFileType = sourcecode.swift; path = AuthService.swift; sourceTree = "<group>"; };
		C9105FCC2C9CB96D007777D5 /* SplashVC.swift */ = {isa = PBXFileReference; lastKnownFileType = sourcecode.swift; path = SplashVC.swift; sourceTree = "<group>"; };
		C9105FCF2C9CDC07007777D5 /* HomeViewVC.swift */ = {isa = PBXFileReference; lastKnownFileType = sourcecode.swift; path = HomeViewVC.swift; sourceTree = "<group>"; };
		C9105FD22C9D0AFE007777D5 /* SignInViewModel.swift */ = {isa = PBXFileReference; lastKnownFileType = sourcecode.swift; path = SignInViewModel.swift; sourceTree = "<group>"; };
		C9105FD42C9D0BB7007777D5 /* HomeViewModel.swift */ = {isa = PBXFileReference; lastKnownFileType = sourcecode.swift; path = HomeViewModel.swift; sourceTree = "<group>"; };
		C9105FD72C9D0BF3007777D5 /* SignUpViewModel.swift */ = {isa = PBXFileReference; lastKnownFileType = sourcecode.swift; path = SignUpViewModel.swift; sourceTree = "<group>"; };
		C9105FDA2C9D15D9007777D5 /* UIViewController+.swift */ = {isa = PBXFileReference; lastKnownFileType = sourcecode.swift; path = "UIViewController+.swift"; sourceTree = "<group>"; };
		C9105FDC2C9D1CEE007777D5 /* SignUpVC.swift */ = {isa = PBXFileReference; lastKnownFileType = sourcecode.swift; path = SignUpVC.swift; sourceTree = "<group>"; };
		C9AC155A2C9B5CCF008EA485 /* PizzaOrderApp.app */ = {isa = PBXFileReference; explicitFileType = wrapper.application; includeInIndex = 0; path = PizzaOrderApp.app; sourceTree = BUILT_PRODUCTS_DIR; };
		C9AC155D2C9B5CCF008EA485 /* AppDelegate.swift */ = {isa = PBXFileReference; lastKnownFileType = sourcecode.swift; path = AppDelegate.swift; sourceTree = "<group>"; };
		C9AC155F2C9B5CCF008EA485 /* SceneDelegate.swift */ = {isa = PBXFileReference; lastKnownFileType = sourcecode.swift; path = SceneDelegate.swift; sourceTree = "<group>"; };
		C9AC15642C9B5CCF008EA485 /* Base */ = {isa = PBXFileReference; lastKnownFileType = file.storyboard; name = Base; path = Base.lproj/Main.storyboard; sourceTree = "<group>"; };
		C9AC15662C9B5CD1008EA485 /* Assets.xcassets */ = {isa = PBXFileReference; lastKnownFileType = folder.assetcatalog; path = Assets.xcassets; sourceTree = "<group>"; };
		C9AC15692C9B5CD1008EA485 /* Base */ = {isa = PBXFileReference; lastKnownFileType = file.storyboard; name = Base; path = Base.lproj/LaunchScreen.storyboard; sourceTree = "<group>"; };
		C9AC156B2C9B5CD1008EA485 /* Info.plist */ = {isa = PBXFileReference; lastKnownFileType = text.plist.xml; path = Info.plist; sourceTree = "<group>"; };
		C9AC15712C9B78C8008EA485 /* SignInViewController.swift */ = {isa = PBXFileReference; lastKnownFileType = sourcecode.swift; path = SignInViewController.swift; sourceTree = "<group>"; };
/* End PBXFileReference section */

/* Begin PBXFrameworksBuildPhase section */
		C9AC15572C9B5CCF008EA485 /* Frameworks */ = {
			isa = PBXFrameworksBuildPhase;
			buildActionMask = 2147483647;
			files = (
			);
			runOnlyForDeploymentPostprocessing = 0;
		};
/* End PBXFrameworksBuildPhase section */

/* Begin PBXGroup section */
		C9105F832C9BC7B2007777D5 /* DataModels */ = {
			isa = PBXGroup;
			children = (
				C9105F842C9BC7D8007777D5 /* Credential.swift */,
			);
			path = DataModels;
			sourceTree = "<group>";
		};
		C9105F862C9BCB91007777D5 /* Services */ = {
			isa = PBXGroup;
			children = (
				C9105F872C9BCB9A007777D5 /* Networking */,
			);
			path = Services;
			sourceTree = "<group>";
		};
		C9105F872C9BCB9A007777D5 /* Networking */ = {
			isa = PBXGroup;
			children = (
				C9105F882C9BCBC9007777D5 /* UserDefaultStorage.swift */,
				C9105F8A2C9BD778007777D5 /* AuthService.swift */,
			);
			path = Networking;
			sourceTree = "<group>";
		};
		C9105FCE2C9CDBC7007777D5 /* Home */ = {
			isa = PBXGroup;
			children = (
				C9105FCF2C9CDC07007777D5 /* HomeViewVC.swift */,
				C9105FD42C9D0BB7007777D5 /* HomeViewModel.swift */,
			);
			path = Home;
			sourceTree = "<group>";
		};
		C9105FD12C9D0AE5007777D5 /* SignIn */ = {
			isa = PBXGroup;
			children = (
				C9AC15712C9B78C8008EA485 /* SignInViewController.swift */,
				C9105FD22C9D0AFE007777D5 /* SignInViewModel.swift */,
			);
			path = SignIn;
			sourceTree = "<group>";
		};
		C9105FD62C9D0BDF007777D5 /* SignUp */ = {
			isa = PBXGroup;
			children = (
				C9105FD72C9D0BF3007777D5 /* SignUpViewModel.swift */,
				C9105FDC2C9D1CEE007777D5 /* SignUpVC.swift */,
			);
			path = SignUp;
			sourceTree = "<group>";
		};
		C9105FD92C9D15BB007777D5 /* Extensions */ = {
			isa = PBXGroup;
			children = (
				C9105FDA2C9D15D9007777D5 /* UIViewController+.swift */,
			);
			path = Extensions;
			sourceTree = "<group>";
		};
		C9AC15512C9B5CCF008EA485 = {
			isa = PBXGroup;
			children = (
				C9AC155C2C9B5CCF008EA485 /* PizzaOrderApp */,
				C9AC155B2C9B5CCF008EA485 /* Products */,
			);
			sourceTree = "<group>";
		};
		C9AC155B2C9B5CCF008EA485 /* Products */ = {
			isa = PBXGroup;
			children = (
				C9AC155A2C9B5CCF008EA485 /* PizzaOrderApp.app */,
			);
			name = Products;
			sourceTree = "<group>";
		};
		C9AC155C2C9B5CCF008EA485 /* PizzaOrderApp */ = {
			isa = PBXGroup;
			children = (
				C9AC155D2C9B5CCF008EA485 /* AppDelegate.swift */,
				C9105FD92C9D15BB007777D5 /* Extensions */,
				C9105FD62C9D0BDF007777D5 /* SignUp */,
				C9105FD12C9D0AE5007777D5 /* SignIn */,
				C9AC155F2C9B5CCF008EA485 /* SceneDelegate.swift */,
				C9105FCE2C9CDBC7007777D5 /* Home */,
				C9105FCC2C9CB96D007777D5 /* SplashVC.swift */,
				C9105F862C9BCB91007777D5 /* Services */,
				C9105F832C9BC7B2007777D5 /* DataModels */,
				C9AC15632C9B5CCF008EA485 /* Main.storyboard */,
				C9AC15662C9B5CD1008EA485 /* Assets.xcassets */,
				C9AC15682C9B5CD1008EA485 /* LaunchScreen.storyboard */,
				C9AC156B2C9B5CD1008EA485 /* Info.plist */,
			);
			path = PizzaOrderApp;
			sourceTree = "<group>";
		};
/* End PBXGroup section */

/* Begin PBXNativeTarget section */
		C9AC15592C9B5CCF008EA485 /* PizzaOrderApp */ = {
			isa = PBXNativeTarget;
			buildConfigurationList = C9AC156E2C9B5CD1008EA485 /* Build configuration list for PBXNativeTarget "PizzaOrderApp" */;
			buildPhases = (
				C9AC15562C9B5CCF008EA485 /* Sources */,
				C9AC15572C9B5CCF008EA485 /* Frameworks */,
				C9AC15582C9B5CCF008EA485 /* Resources */,
			);
			buildRules = (
			);
			dependencies = (
			);
			name = PizzaOrderApp;
			productName = PizzaOrderApp;
			productReference = C9AC155A2C9B5CCF008EA485 /* PizzaOrderApp.app */;
			productType = "com.apple.product-type.application";
		};
/* End PBXNativeTarget section */

/* Begin PBXProject section */
		C9AC15522C9B5CCF008EA485 /* Project object */ = {
			isa = PBXProject;
			attributes = {
				BuildIndependentTargetsInParallel = 1;
				LastSwiftUpdateCheck = 1540;
				LastUpgradeCheck = 1540;
				TargetAttributes = {
					C9AC15592C9B5CCF008EA485 = {
						CreatedOnToolsVersion = 15.4;
					};
				};
			};
			buildConfigurationList = C9AC15552C9B5CCF008EA485 /* Build configuration list for PBXProject "PizzaOrderApp" */;
			compatibilityVersion = "Xcode 14.0";
			developmentRegion = en;
			hasScannedForEncodings = 0;
			knownRegions = (
				en,
				Base,
			);
			mainGroup = C9AC15512C9B5CCF008EA485;
			productRefGroup = C9AC155B2C9B5CCF008EA485 /* Products */;
			projectDirPath = "";
			projectRoot = "";
			targets = (
				C9AC15592C9B5CCF008EA485 /* PizzaOrderApp */,
			);
		};
/* End PBXProject section */

/* Begin PBXResourcesBuildPhase section */
		C9AC15582C9B5CCF008EA485 /* Resources */ = {
			isa = PBXResourcesBuildPhase;
			buildActionMask = 2147483647;
			files = (
				C9AC15672C9B5CD1008EA485 /* Assets.xcassets in Resources */,
				C9AC156A2C9B5CD1008EA485 /* Base in Resources */,
				C9AC15652C9B5CCF008EA485 /* Base in Resources */,
			);
			runOnlyForDeploymentPostprocessing = 0;
		};
/* End PBXResourcesBuildPhase section */

/* Begin PBXSourcesBuildPhase section */
		C9AC15562C9B5CCF008EA485 /* Sources */ = {
			isa = PBXSourcesBuildPhase;
			buildActionMask = 2147483647;
			files = (
				C9105FD02C9CDC07007777D5 /* HomeViewVC.swift in Sources */,
				C9105F892C9BCBC9007777D5 /* UserDefaultStorage.swift in Sources */,
				C9105FDB2C9D15D9007777D5 /* UIViewController+.swift in Sources */,
				C9AC15722C9B78C8008EA485 /* SignInViewController.swift in Sources */,
				C9105FD52C9D0BB7007777D5 /* HomeViewModel.swift in Sources */,
				C9105F852C9BC7D8007777D5 /* Credential.swift in Sources */,
				C9AC155E2C9B5CCF008EA485 /* AppDelegate.swift in Sources */,
				C9105FD32C9D0AFE007777D5 /* SignInViewModel.swift in Sources */,
				C9105FCD2C9CB96D007777D5 /* SplashVC.swift in Sources */,
				C9AC15602C9B5CCF008EA485 /* SceneDelegate.swift in Sources */,
				C9105FDD2C9D1CEE007777D5 /* SignUpVC.swift in Sources */,
				C9105FD82C9D0BF3007777D5 /* SignUpViewModel.swift in Sources */,
				C9105F8B2C9BD778007777D5 /* AuthService.swift in Sources */,
			);
			runOnlyForDeploymentPostprocessing = 0;
		};
/* End PBXSourcesBuildPhase section */

/* Begin PBXVariantGroup section */
		C9AC15632C9B5CCF008EA485 /* Main.storyboard */ = {
			isa = PBXVariantGroup;
			children = (
				C9AC15642C9B5CCF008EA485 /* Base */,
			);
			name = Main.storyboard;
			sourceTree = "<group>";
		};
		C9AC15682C9B5CD1008EA485 /* LaunchScreen.storyboard */ = {
			isa = PBXVariantGroup;
			children = (
				C9AC15692C9B5CD1008EA485 /* Base */,
			);
			name = LaunchScreen.storyboard;
			sourceTree = "<group>";
		};
/* End PBXVariantGroup section */

/* Begin XCBuildConfiguration section */
		C9AC156C2C9B5CD1008EA485 /* Debug */ = {
			isa = XCBuildConfiguration;
			buildSettings = {
				ALWAYS_SEARCH_USER_PATHS = NO;
				ASSETCATALOG_COMPILER_GENERATE_SWIFT_ASSET_SYMBOL_EXTENSIONS = YES;
				CLANG_ANALYZER_NONNULL = YES;
				CLANG_ANALYZER_NUMBER_OBJECT_CONVERSION = YES_AGGRESSIVE;
				CLANG_CXX_LANGUAGE_STANDARD = "gnu++20";
				CLANG_ENABLE_MODULES = YES;
				CLANG_ENABLE_OBJC_ARC = YES;
				CLANG_ENABLE_OBJC_WEAK = YES;
				CLANG_WARN_BLOCK_CAPTURE_AUTORELEASING = YES;
				CLANG_WARN_BOOL_CONVERSION = YES;
				CLANG_WARN_COMMA = YES;
				CLANG_WARN_CONSTANT_CONVERSION = YES;
				CLANG_WARN_DEPRECATED_OBJC_IMPLEMENTATIONS = YES;
				CLANG_WARN_DIRECT_OBJC_ISA_USAGE = YES_ERROR;
				CLANG_WARN_DOCUMENTATION_COMMENTS = YES;
				CLANG_WARN_EMPTY_BODY = YES;
				CLANG_WARN_ENUM_CONVERSION = YES;
				CLANG_WARN_INFINITE_RECURSION = YES;
				CLANG_WARN_INT_CONVERSION = YES;
				CLANG_WARN_NON_LITERAL_NULL_CONVERSION = YES;
				CLANG_WARN_OBJC_IMPLICIT_RETAIN_SELF = YES;
				CLANG_WARN_OBJC_LITERAL_CONVERSION = YES;
				CLANG_WARN_OBJC_ROOT_CLASS = YES_ERROR;
				CLANG_WARN_QUOTED_INCLUDE_IN_FRAMEWORK_HEADER = YES;
				CLANG_WARN_RANGE_LOOP_ANALYSIS = YES;
				CLANG_WARN_STRICT_PROTOTYPES = YES;
				CLANG_WARN_SUSPICIOUS_MOVE = YES;
				CLANG_WARN_UNGUARDED_AVAILABILITY = YES_AGGRESSIVE;
				CLANG_WARN_UNREACHABLE_CODE = YES;
				CLANG_WARN__DUPLICATE_METHOD_MATCH = YES;
				COPY_PHASE_STRIP = NO;
				DEBUG_INFORMATION_FORMAT = dwarf;
				ENABLE_STRICT_OBJC_MSGSEND = YES;
				ENABLE_TESTABILITY = YES;
				ENABLE_USER_SCRIPT_SANDBOXING = YES;
				GCC_C_LANGUAGE_STANDARD = gnu17;
				GCC_DYNAMIC_NO_PIC = NO;
				GCC_NO_COMMON_BLOCKS = YES;
				GCC_OPTIMIZATION_LEVEL = 0;
				GCC_PREPROCESSOR_DEFINITIONS = (
					"DEBUG=1",
					"$(inherited)",
				);
				GCC_WARN_64_TO_32_BIT_CONVERSION = YES;
				GCC_WARN_ABOUT_RETURN_TYPE = YES_ERROR;
				GCC_WARN_UNDECLARED_SELECTOR = YES;
				GCC_WARN_UNINITIALIZED_AUTOS = YES_AGGRESSIVE;
				GCC_WARN_UNUSED_FUNCTION = YES;
				GCC_WARN_UNUSED_VARIABLE = YES;
				IPHONEOS_DEPLOYMENT_TARGET = 17.5;
				LOCALIZATION_PREFERS_STRING_CATALOGS = YES;
				MTL_ENABLE_DEBUG_INFO = INCLUDE_SOURCE;
				MTL_FAST_MATH = YES;
				ONLY_ACTIVE_ARCH = YES;
				SDKROOT = iphoneos;
				SWIFT_ACTIVE_COMPILATION_CONDITIONS = "DEBUG $(inherited)";
				SWIFT_OPTIMIZATION_LEVEL = "-Onone";
			};
			name = Debug;
		};
		C9AC156D2C9B5CD1008EA485 /* Release */ = {
			isa = XCBuildConfiguration;
			buildSettings = {
				ALWAYS_SEARCH_USER_PATHS = NO;
				ASSETCATALOG_COMPILER_GENERATE_SWIFT_ASSET_SYMBOL_EXTENSIONS = YES;
				CLANG_ANALYZER_NONNULL = YES;
				CLANG_ANALYZER_NUMBER_OBJECT_CONVERSION = YES_AGGRESSIVE;
				CLANG_CXX_LANGUAGE_STANDARD = "gnu++20";
				CLANG_ENABLE_MODULES = YES;
				CLANG_ENABLE_OBJC_ARC = YES;
				CLANG_ENABLE_OBJC_WEAK = YES;
				CLANG_WARN_BLOCK_CAPTURE_AUTORELEASING = YES;
				CLANG_WARN_BOOL_CONVERSION = YES;
				CLANG_WARN_COMMA = YES;
				CLANG_WARN_CONSTANT_CONVERSION = YES;
				CLANG_WARN_DEPRECATED_OBJC_IMPLEMENTATIONS = YES;
				CLANG_WARN_DIRECT_OBJC_ISA_USAGE = YES_ERROR;
				CLANG_WARN_DOCUMENTATION_COMMENTS = YES;
				CLANG_WARN_EMPTY_BODY = YES;
				CLANG_WARN_ENUM_CONVERSION = YES;
				CLANG_WARN_INFINITE_RECURSION = YES;
				CLANG_WARN_INT_CONVERSION = YES;
				CLANG_WARN_NON_LITERAL_NULL_CONVERSION = YES;
				CLANG_WARN_OBJC_IMPLICIT_RETAIN_SELF = YES;
				CLANG_WARN_OBJC_LITERAL_CONVERSION = YES;
				CLANG_WARN_OBJC_ROOT_CLASS = YES_ERROR;
				CLANG_WARN_QUOTED_INCLUDE_IN_FRAMEWORK_HEADER = YES;
				CLANG_WARN_RANGE_LOOP_ANALYSIS = YES;
				CLANG_WARN_STRICT_PROTOTYPES = YES;
				CLANG_WARN_SUSPICIOUS_MOVE = YES;
				CLANG_WARN_UNGUARDED_AVAILABILITY = YES_AGGRESSIVE;
				CLANG_WARN_UNREACHABLE_CODE = YES;
				CLANG_WARN__DUPLICATE_METHOD_MATCH = YES;
				COPY_PHASE_STRIP = NO;
				DEBUG_INFORMATION_FORMAT = "dwarf-with-dsym";
				ENABLE_NS_ASSERTIONS = NO;
				ENABLE_STRICT_OBJC_MSGSEND = YES;
				ENABLE_USER_SCRIPT_SANDBOXING = YES;
				GCC_C_LANGUAGE_STANDARD = gnu17;
				GCC_NO_COMMON_BLOCKS = YES;
				GCC_WARN_64_TO_32_BIT_CONVERSION = YES;
				GCC_WARN_ABOUT_RETURN_TYPE = YES_ERROR;
				GCC_WARN_UNDECLARED_SELECTOR = YES;
				GCC_WARN_UNINITIALIZED_AUTOS = YES_AGGRESSIVE;
				GCC_WARN_UNUSED_FUNCTION = YES;
				GCC_WARN_UNUSED_VARIABLE = YES;
				IPHONEOS_DEPLOYMENT_TARGET = 17.5;
				LOCALIZATION_PREFERS_STRING_CATALOGS = YES;
				MTL_ENABLE_DEBUG_INFO = NO;
				MTL_FAST_MATH = YES;
				SDKROOT = iphoneos;
				SWIFT_COMPILATION_MODE = wholemodule;
				VALIDATE_PRODUCT = YES;
			};
			name = Release;
		};
		C9AC156F2C9B5CD1008EA485 /* Debug */ = {
			isa = XCBuildConfiguration;
			buildSettings = {
				ASSETCATALOG_COMPILER_APPICON_NAME = AppIcon;
				ASSETCATALOG_COMPILER_GLOBAL_ACCENT_COLOR_NAME = AccentColor;
				CODE_SIGN_STYLE = Automatic;
				CURRENT_PROJECT_VERSION = 1;
				DEVELOPMENT_TEAM = FJ42WF89B8;
				GENERATE_INFOPLIST_FILE = YES;
				INFOPLIST_FILE = PizzaOrderApp/Info.plist;
				INFOPLIST_KEY_UIApplicationSupportsIndirectInputEvents = YES;
				INFOPLIST_KEY_UILaunchStoryboardName = LaunchScreen;
				INFOPLIST_KEY_UIMainStoryboardFile = Main;
				INFOPLIST_KEY_UISupportedInterfaceOrientations_iPad = "UIInterfaceOrientationPortrait UIInterfaceOrientationPortraitUpsideDown UIInterfaceOrientationLandscapeLeft UIInterfaceOrientationLandscapeRight";
				INFOPLIST_KEY_UISupportedInterfaceOrientations_iPhone = "UIInterfaceOrientationPortrait UIInterfaceOrientationLandscapeLeft UIInterfaceOrientationLandscapeRight";
				IPHONEOS_DEPLOYMENT_TARGET = 15.5;
				LD_RUNPATH_SEARCH_PATHS = (
					"$(inherited)",
					"@executable_path/Frameworks",
				);
				MARKETING_VERSION = 1.0;
				PRODUCT_BUNDLE_IDENTIFIER = com.example.moradd.PizzaOrderApp;
				PRODUCT_NAME = "$(TARGET_NAME)";
				SWIFT_EMIT_LOC_STRINGS = YES;
				SWIFT_VERSION = 5.0;
				TARGETED_DEVICE_FAMILY = "1,2";
			};
			name = Debug;
		};
		C9AC15702C9B5CD1008EA485 /* Release */ = {
			isa = XCBuildConfiguration;
			buildSettings = {
				ASSETCATALOG_COMPILER_APPICON_NAME = AppIcon;
				ASSETCATALOG_COMPILER_GLOBAL_ACCENT_COLOR_NAME = AccentColor;
				CODE_SIGN_STYLE = Automatic;
				CURRENT_PROJECT_VERSION = 1;
				DEVELOPMENT_TEAM = FJ42WF89B8;
				GENERATE_INFOPLIST_FILE = YES;
				INFOPLIST_FILE = PizzaOrderApp/Info.plist;
				INFOPLIST_KEY_UIApplicationSupportsIndirectInputEvents = YES;
				INFOPLIST_KEY_UILaunchStoryboardName = LaunchScreen;
				INFOPLIST_KEY_UIMainStoryboardFile = Main;
				INFOPLIST_KEY_UISupportedInterfaceOrientations_iPad = "UIInterfaceOrientationPortrait UIInterfaceOrientationPortraitUpsideDown UIInterfaceOrientationLandscapeLeft UIInterfaceOrientationLandscapeRight";
				INFOPLIST_KEY_UISupportedInterfaceOrientations_iPhone = "UIInterfaceOrientationPortrait UIInterfaceOrientationLandscapeLeft UIInterfaceOrientationLandscapeRight";
				IPHONEOS_DEPLOYMENT_TARGET = 15.5;
				LD_RUNPATH_SEARCH_PATHS = (
					"$(inherited)",
					"@executable_path/Frameworks",
				);
				MARKETING_VERSION = 1.0;
				PRODUCT_BUNDLE_IDENTIFIER = com.example.moradd.PizzaOrderApp;
				PRODUCT_NAME = "$(TARGET_NAME)";
				SWIFT_EMIT_LOC_STRINGS = YES;
				SWIFT_VERSION = 5.0;
				TARGETED_DEVICE_FAMILY = "1,2";
			};
			name = Release;
		};
/* End XCBuildConfiguration section */

/* Begin XCConfigurationList section */
		C9AC15552C9B5CCF008EA485 /* Build configuration list for PBXProject "PizzaOrderApp" */ = {
			isa = XCConfigurationList;
			buildConfigurations = (
				C9AC156C2C9B5CD1008EA485 /* Debug */,
				C9AC156D2C9B5CD1008EA485 /* Release */,
			);
			defaultConfigurationIsVisible = 0;
			defaultConfigurationName = Release;
		};
		C9AC156E2C9B5CD1008EA485 /* Build configuration list for PBXNativeTarget "PizzaOrderApp" */ = {
			isa = XCConfigurationList;
			buildConfigurations = (
				C9AC156F2C9B5CD1008EA485 /* Debug */,
				C9AC15702C9B5CD1008EA485 /* Release */,
			);
			defaultConfigurationIsVisible = 0;
			defaultConfigurationName = Release;
		};
/* End XCConfigurationList section */
	};
	rootObject = C9AC15522C9B5CCF008EA485 /* Project object */;
}
